
Microsoft Visual Studio Solution File, Format Version 12.00
# Visual Studio Version 17
VisualStudioVersion = 17.11.35222.181
MinimumVisualStudioVersion = 10.0.40219.1
Project("{FAE04EC0-301F-11D3-BF4B-00C04F79EFBC}") = "locadora", "locadora\locadora.csproj", "{FABCD31C-3947-4432-B84A-E49629D1101C}"
EndProject
Global
	GlobalSection(SolutionConfigurationPlatforms) = preSolution
		Debug|Any CPU = Debug|Any CPU
		Release|Any CPU = Release|Any CPU
	EndGlobalSection
	GlobalSection(ProjectConfigurationPlatforms) = postSolution
		{FABCD31C-3947-4432-B84A-E49629D1101C}.Debug|Any CPU.ActiveCfg = Debug|Any CPU
		{FABCD31C-3947-4432-B84A-E49629D1101C}.Debug|Any CPU.Build.0 = Debug|Any CPU
		{FABCD31C-3947-4432-B84A-E49629D1101C}.Release|Any CPU.ActiveCfg = Release|Any CPU
		{FABCD31C-3947-4432-B84A-E49629D1101C}.Release|Any CPU.Build.0 = Release|Any CPU
	EndGlobalSection
	GlobalSection(SolutionProperties) = preSolution
		HideSolutionNode = FALSE
	EndGlobalSection
	GlobalSection(ExtensibilityGlobals) = postSolution
		SolutionGuid = {5A7179D6-01FD-47FF-94C3-14A04D4D6ED4}
	EndGlobalSection
EndGlobal
